{
  "version": 4,
  "terraform_version": "0.14.3",
  "serial": 18,
  "lineage": "1d2a6a58-b1c9-4640-543c-9def9a029a44",
  "outputs": {},
  "resources": [
    {
      "mode": "managed",
      "type": "azurerm_linux_virtual_machine_scale_set",
      "name": "NetflixVMSS",
      "provider": "provider[\"registry.terraform.io/hashicorp/azurerm\"]",
      "instances": [
        {
          "schema_version": 0,
          "attributes": {
            "additional_capabilities": [],
            "admin_password": null,
            "admin_ssh_key": [
              {
                "public_key": "ssh-rsa AAAAB3NzaC1yc2EAAAADAQABAAABAQDIVdRMXYKhqvF48syh2yBsoMOkeH4MYOl3FCm0rdtZh0f48QfOjsDWjL0wq81qFKjdz1DfIsaGBNXC+V43dHspGxVI3miparnWHrVjpm2BjjvtQORng4qKkHMGVE50dFjfC9auFL8QPRW+x2ov2MJuzA2KQxHBpKXqQMcNBotwW8SwpimJTrD3XhoECDa7/dsxJsLjkirDoIxKQ1XlUGh54+7IUK9dsxTQViq37gajQwehmQRS7ywfecS9lzuJNVo75XDDbDO4R7UIW6Vp1BfssThOWJbRLq2AN883tEDz6+w0QYT2LwVOmZwMv2ib5nObseA9xWTKNKeL3YXRbUpx tom@terraformMachine\n",
                "username": "tom"
              }
            ],
            "admin_username": "tom",
            "automatic_instance_repair": [
              {
                "enabled": false,
                "grace_period": "PT30M"
              }
            ],
            "automatic_os_upgrade_policy": [],
            "boot_diagnostics": [],
            "computer_name_prefix": "Netflix-Scale-Set",
            "custom_data": null,
            "data_disk": [],
            "disable_password_authentication": true,
            "do_not_run_extensions_on_overprovisioned_machines": false,
            "encryption_at_host_enabled": false,
            "eviction_policy": "",
            "extension": null,
            "health_probe_id": "",
            "id": "/subscriptions/2777f8cf-4e6a-4dc7-a170-2ac2d0cd9491/resourceGroups/Netflix-Resources/providers/Microsoft.Compute/virtualMachineScaleSets/Netflix-Scale-Set",
            "identity": [],
            "instances": 3,
            "location": "francecentral",
            "max_bid_price": -1,
            "name": "Netflix-Scale-Set",
            "network_interface": [
              {
                "dns_servers": null,
                "enable_accelerated_networking": false,
                "enable_ip_forwarding": false,
                "ip_configuration": [
                  {
                    "application_gateway_backend_address_pool_ids": null,
                    "application_security_group_ids": null,
                    "load_balancer_backend_address_pool_ids": null,
                    "load_balancer_inbound_nat_rules_ids": null,
                    "name": "internal",
                    "primary": true,
                    "public_ip_address": [],
                    "subnet_id": "/subscriptions/2777f8cf-4e6a-4dc7-a170-2ac2d0cd9491/resourceGroups/Netflix-Resources/providers/Microsoft.Network/virtualNetworks/Netflix-Vertual-Network/subnets/Netflix-Subnet",
                    "version": "IPv4"
                  }
                ],
                "name": "Network-Interface",
                "network_security_group_id": "",
                "primary": true
              }
            ],
            "os_disk": [
              {
                "caching": "ReadWrite",
                "diff_disk_settings": [],
                "disk_encryption_set_id": "",
                "disk_size_gb": 30,
                "storage_account_type": "Standard_LRS",
                "write_accelerator_enabled": false
              }
            ],
            "overprovision": true,
            "plan": [],
            "platform_fault_domain_count": 0,
            "priority": "Regular",
            "provision_vm_agent": true,
            "proximity_placement_group_id": "",
            "resource_group_name": "Netflix-Resources",
            "rolling_upgrade_policy": [],
            "scale_in_policy": "Default",
            "secret": [],
            "single_placement_group": true,
            "sku": "Standard_F1",
            "source_image_id": "",
            "source_image_reference": [
              {
                "offer": "UbuntuServer",
                "publisher": "Canonical",
                "sku": "16.04-LTS",
                "version": "latest"
              }
            ],
            "tags": null,
            "terminate_notification": null,
            "timeouts": null,
            "unique_id": "cd3241b6-251a-4481-9d9d-40e835570462",
            "upgrade_mode": "Manual",
            "zone_balance": false,
            "zones": null
          },
          "sensitive_attributes": [],
          "private": "eyJlMmJmYjczMC1lY2FhLTExZTYtOGY4OC0zNDM2M2JjN2M0YzAiOnsiY3JlYXRlIjoxODAwMDAwMDAwMDAwLCJkZWxldGUiOjE4MDAwMDAwMDAwMDAsInJlYWQiOjMwMDAwMDAwMDAwMCwidXBkYXRlIjozNjAwMDAwMDAwMDAwfX0=",
          "dependencies": [
            "azurerm_resource_group.NetflixRG",
            "azurerm_subnet.NVNSubnet",
            "azurerm_virtual_network.NetflixVN"
          ]
        }
      ]
    },
    {
      "mode": "managed",
      "type": "azurerm_resource_group",
      "name": "NetflixRG",
      "provider": "provider[\"registry.terraform.io/hashicorp/azurerm\"]",
      "instances": [
        {
          "schema_version": 0,
          "attributes": {
            "id": "/subscriptions/2777f8cf-4e6a-4dc7-a170-2ac2d0cd9491/resourceGroups/Netflix-Resources",
            "location": "francecentral",
            "name": "Netflix-Resources",
            "tags": null,
            "timeouts": null
          },
          "sensitive_attributes": [],
          "private": "eyJlMmJmYjczMC1lY2FhLTExZTYtOGY4OC0zNDM2M2JjN2M0YzAiOnsiY3JlYXRlIjo1NDAwMDAwMDAwMDAwLCJkZWxldGUiOjU0MDAwMDAwMDAwMDAsInJlYWQiOjMwMDAwMDAwMDAwMCwidXBkYXRlIjo1NDAwMDAwMDAwMDAwfX0="
        }
      ]
    },
    {
      "mode": "managed",
      "type": "azurerm_subnet",
      "name": "NVNSubnet",
      "provider": "provider[\"registry.terraform.io/hashicorp/azurerm\"]",
      "instances": [
        {
          "schema_version": 0,
          "attributes": {
            "address_prefix": "10.0.2.0/24",
            "address_prefixes": [
              "10.0.2.0/24"
            ],
            "delegation": [],
            "enforce_private_link_endpoint_network_policies": false,
            "enforce_private_link_service_network_policies": false,
            "id": "/subscriptions/2777f8cf-4e6a-4dc7-a170-2ac2d0cd9491/resourceGroups/Netflix-Resources/providers/Microsoft.Network/virtualNetworks/Netflix-Vertual-Network/subnets/Netflix-Subnet",
            "name": "Netflix-Subnet",
            "resource_group_name": "Netflix-Resources",
            "service_endpoint_policy_ids": null,
            "service_endpoints": null,
            "timeouts": null,
            "virtual_network_name": "Netflix-Vertual-Network"
          },
          "sensitive_attributes": [],
          "private": "eyJlMmJmYjczMC1lY2FhLTExZTYtOGY4OC0zNDM2M2JjN2M0YzAiOnsiY3JlYXRlIjoxODAwMDAwMDAwMDAwLCJkZWxldGUiOjE4MDAwMDAwMDAwMDAsInJlYWQiOjMwMDAwMDAwMDAwMCwidXBkYXRlIjoxODAwMDAwMDAwMDAwfX0=",
          "dependencies": [
            "azurerm_resource_group.NetflixRG",
            "azurerm_virtual_network.NetflixVN"
          ]
        }
      ]
    },
    {
      "mode": "managed",
      "type": "azurerm_virtual_network",
      "name": "NetflixVN",
      "provider": "provider[\"registry.terraform.io/hashicorp/azurerm\"]",
      "instances": [
        {
          "schema_version": 0,
          "attributes": {
            "address_space": [
              "10.0.0.0/16"
            ],
            "bgp_community": "",
            "ddos_protection_plan": [],
            "dns_servers": null,
            "guid": "b1d2493e-e72f-432a-9ae0-6dcb54ad0972",
            "id": "/subscriptions/2777f8cf-4e6a-4dc7-a170-2ac2d0cd9491/resourceGroups/Netflix-Resources/providers/Microsoft.Network/virtualNetworks/Netflix-Vertual-Network",
            "location": "francecentral",
            "name": "Netflix-Vertual-Network",
            "resource_group_name": "Netflix-Resources",
            "subnet": [],
            "tags": null,
            "timeouts": null,
            "vm_protection_enabled": false
          },
          "sensitive_attributes": [],
          "private": "eyJlMmJmYjczMC1lY2FhLTExZTYtOGY4OC0zNDM2M2JjN2M0YzAiOnsiY3JlYXRlIjoxODAwMDAwMDAwMDAwLCJkZWxldGUiOjE4MDAwMDAwMDAwMDAsInJlYWQiOjMwMDAwMDAwMDAwMCwidXBkYXRlIjoxODAwMDAwMDAwMDAwfX0=",
          "dependencies": [
            "azurerm_resource_group.NetflixRG"
          ]
        }
      ]
    }
  ]
}
