{
  "version": 4,
  "terraform_version": "0.14.3",
  "serial": 43,
  "lineage": "09de6af7-ea57-504c-87a1-25629bb9d7b8",
  "outputs": {},
  "resources": [
    {
      "mode": "managed",
      "type": "azurerm_resource_group",
      "name": "NetflixRG",
      "provider": "provider[\"registry.terraform.io/hashicorp/azurerm\"]",
      "instances": [
        {
          "schema_version": 0,
          "attributes": {
            "id": "/subscriptions/2777f8cf-4e6a-4dc7-a170-2ac2d0cd9491/resourceGroups/Netflix-Resources",
            "location": "francecentral",
            "name": "Netflix-Resources",
            "tags": null,
            "timeouts": null
          },
          "sensitive_attributes": [],
          "private": "eyJlMmJmYjczMC1lY2FhLTExZTYtOGY4OC0zNDM2M2JjN2M0YzAiOnsiY3JlYXRlIjo1NDAwMDAwMDAwMDAwLCJkZWxldGUiOjU0MDAwMDAwMDAwMDAsInJlYWQiOjMwMDAwMDAwMDAwMCwidXBkYXRlIjo1NDAwMDAwMDAwMDAwfX0="
        }
      ]
    },
    {
      "module": "module.Netflix_Scale_Set[\"1\"]",
      "mode": "managed",
      "type": "azurerm_subnet",
      "name": "NVNSubnet",
      "provider": "provider[\"registry.terraform.io/hashicorp/azurerm\"]",
      "instances": [
        {
          "schema_version": 0,
          "attributes": {
            "address_prefix": "10.0.2.0/24",
            "address_prefixes": [
              "10.0.2.0/24"
            ],
            "delegation": [],
            "enforce_private_link_endpoint_network_policies": false,
            "enforce_private_link_service_network_policies": false,
            "id": "/subscriptions/2777f8cf-4e6a-4dc7-a170-2ac2d0cd9491/resourceGroups/Netflix-Resources/providers/Microsoft.Network/virtualNetworks/Netflix-Vertual-Network/subnets/Netflix-Subnet",
            "name": "Netflix-Subnet",
            "resource_group_name": "Netflix-Resources",
            "service_endpoint_policy_ids": null,
            "service_endpoints": null,
            "timeouts": null,
            "virtual_network_name": "Netflix-Vertual-Network"
          },
          "sensitive_attributes": [],
          "private": "eyJlMmJmYjczMC1lY2FhLTExZTYtOGY4OC0zNDM2M2JjN2M0YzAiOnsiY3JlYXRlIjoxODAwMDAwMDAwMDAwLCJkZWxldGUiOjE4MDAwMDAwMDAwMDAsInJlYWQiOjMwMDAwMDAwMDAwMCwidXBkYXRlIjoxODAwMDAwMDAwMDAwfX0=",
          "dependencies": [
            "azurerm_resource_group.NetflixRG",
            "module.Netflix_Scale_Set.azurerm_virtual_network.NetflixVN"
          ]
        }
      ]
    },
    {
      "module": "module.Netflix_Scale_Set[\"1\"]",
      "mode": "managed",
      "type": "azurerm_virtual_network",
      "name": "NetflixVN",
      "provider": "provider[\"registry.terraform.io/hashicorp/azurerm\"]",
      "instances": [
        {
          "schema_version": 0,
          "attributes": {
            "address_space": [
              "10.0.0.0/16"
            ],
            "bgp_community": "",
            "ddos_protection_plan": [],
            "dns_servers": null,
            "guid": "f8623696-cee9-4a6a-a42d-9a6c82d0ad00",
            "id": "/subscriptions/2777f8cf-4e6a-4dc7-a170-2ac2d0cd9491/resourceGroups/Netflix-Resources/providers/Microsoft.Network/virtualNetworks/Netflix-Vertual-Network",
            "location": "japaneast",
            "name": "Netflix-Vertual-Network",
            "resource_group_name": "Netflix-Resources",
            "subnet": [],
            "tags": null,
            "timeouts": null,
            "vm_protection_enabled": false
          },
          "sensitive_attributes": [],
          "private": "eyJlMmJmYjczMC1lY2FhLTExZTYtOGY4OC0zNDM2M2JjN2M0YzAiOnsiY3JlYXRlIjoxODAwMDAwMDAwMDAwLCJkZWxldGUiOjE4MDAwMDAwMDAwMDAsInJlYWQiOjMwMDAwMDAwMDAwMCwidXBkYXRlIjoxODAwMDAwMDAwMDAwfX0=",
          "dependencies": [
            "azurerm_resource_group.NetflixRG"
          ]
        }
      ]
    },
    {
      "module": "module.Netflix_Scale_Set[\"2\"]",
      "mode": "managed",
      "type": "azurerm_virtual_network",
      "name": "NetflixVN",
      "provider": "provider[\"registry.terraform.io/hashicorp/azurerm\"]",
      "instances": [
        {
          "schema_version": 0,
          "attributes": {
            "address_space": [
              "10.0.0.0/16"
            ],
            "bgp_community": "",
            "ddos_protection_plan": [],
            "dns_servers": null,
            "guid": "f8623696-cee9-4a6a-a42d-9a6c82d0ad00",
            "id": "/subscriptions/2777f8cf-4e6a-4dc7-a170-2ac2d0cd9491/resourceGroups/Netflix-Resources/providers/Microsoft.Network/virtualNetworks/Netflix-Vertual-Network",
            "location": "japaneast",
            "name": "Netflix-Vertual-Network",
            "resource_group_name": "Netflix-Resources",
            "subnet": [
              {
                "address_prefix": "10.0.2.0/24",
                "id": "/subscriptions/2777f8cf-4e6a-4dc7-a170-2ac2d0cd9491/resourceGroups/Netflix-Resources/providers/Microsoft.Network/virtualNetworks/Netflix-Vertual-Network/subnets/Netflix-Subnet",
                "name": "Netflix-Subnet",
                "security_group": ""
              }
            ],
            "tags": null,
            "timeouts": null,
            "vm_protection_enabled": false
          },
          "sensitive_attributes": [],
          "private": "eyJlMmJmYjczMC1lY2FhLTExZTYtOGY4OC0zNDM2M2JjN2M0YzAiOnsiY3JlYXRlIjoxODAwMDAwMDAwMDAwLCJkZWxldGUiOjE4MDAwMDAwMDAwMDAsInJlYWQiOjMwMDAwMDAwMDAwMCwidXBkYXRlIjoxODAwMDAwMDAwMDAwfX0=",
          "dependencies": [
            "azurerm_resource_group.NetflixRG"
          ]
        }
      ]
    },
    {
      "module": "module.Netflix_Scale_Set[\"3\"]",
      "mode": "managed",
      "type": "azurerm_network_security_group",
      "name": "NFSecurityGroup",
      "provider": "provider[\"registry.terraform.io/hashicorp/azurerm\"]",
      "instances": [
        {
          "schema_version": 0,
          "attributes": {
            "id": "/subscriptions/2777f8cf-4e6a-4dc7-a170-2ac2d0cd9491/resourceGroups/Netflix-Resources/providers/Microsoft.Network/networkSecurityGroups/NetflixSecurityGroup",
            "location": "japaneast",
            "name": "NetflixSecurityGroup",
            "resource_group_name": "Netflix-Resources",
            "security_rule": [
              {
                "access": "Allow",
                "description": "",
                "destination_address_prefix": "*",
                "destination_address_prefixes": [],
                "destination_application_security_group_ids": [],
                "destination_port_range": "*",
                "destination_port_ranges": [],
                "direction": "Inbound",
                "name": "allowSSH",
                "priority": 300,
                "protocol": "Tcp",
                "source_address_prefix": "*",
                "source_address_prefixes": [],
                "source_application_security_group_ids": [],
                "source_port_range": "*",
                "source_port_ranges": []
              }
            ],
            "tags": {
              "environment": "Production"
            },
            "timeouts": null
          },
          "sensitive_attributes": [],
          "private": "eyJlMmJmYjczMC1lY2FhLTExZTYtOGY4OC0zNDM2M2JjN2M0YzAiOnsiY3JlYXRlIjoxODAwMDAwMDAwMDAwLCJkZWxldGUiOjE4MDAwMDAwMDAwMDAsInJlYWQiOjMwMDAwMDAwMDAwMCwidXBkYXRlIjoxODAwMDAwMDAwMDAwfX0=",
          "dependencies": [
            "azurerm_resource_group.NetflixRG"
          ]
        }
      ]
    },
    {
      "module": "module.Netflix_Scale_Set[\"3\"]",
      "mode": "managed",
      "type": "azurerm_virtual_network",
      "name": "NetflixVN",
      "provider": "provider[\"registry.terraform.io/hashicorp/azurerm\"]",
      "instances": [
        {
          "schema_version": 0,
          "attributes": {
            "address_space": [
              "10.0.0.0/16"
            ],
            "bgp_community": "",
            "ddos_protection_plan": [],
            "dns_servers": null,
            "guid": "f8623696-cee9-4a6a-a42d-9a6c82d0ad00",
            "id": "/subscriptions/2777f8cf-4e6a-4dc7-a170-2ac2d0cd9491/resourceGroups/Netflix-Resources/providers/Microsoft.Network/virtualNetworks/Netflix-Vertual-Network",
            "location": "japaneast",
            "name": "Netflix-Vertual-Network",
            "resource_group_name": "Netflix-Resources",
            "subnet": [
              {
                "address_prefix": "10.0.2.0/24",
                "id": "/subscriptions/2777f8cf-4e6a-4dc7-a170-2ac2d0cd9491/resourceGroups/Netflix-Resources/providers/Microsoft.Network/virtualNetworks/Netflix-Vertual-Network/subnets/Netflix-Subnet",
                "name": "Netflix-Subnet",
                "security_group": ""
              }
            ],
            "tags": null,
            "timeouts": null,
            "vm_protection_enabled": false
          },
          "sensitive_attributes": [],
          "private": "eyJlMmJmYjczMC1lY2FhLTExZTYtOGY4OC0zNDM2M2JjN2M0YzAiOnsiY3JlYXRlIjoxODAwMDAwMDAwMDAwLCJkZWxldGUiOjE4MDAwMDAwMDAwMDAsInJlYWQiOjMwMDAwMDAwMDAwMCwidXBkYXRlIjoxODAwMDAwMDAwMDAwfX0=",
          "dependencies": [
            "azurerm_resource_group.NetflixRG"
          ]
        }
      ]
    }
  ]
}
