{
  "version": 4,
  "terraform_version": "0.14.3",
  "serial": 183,
  "lineage": "09de6af7-ea57-504c-87a1-25629bb9d7b8",
  "outputs": {},
  "resources": [
    {
      "mode": "managed",
      "type": "azurerm_resource_group",
      "name": "NetflixRG",
      "provider": "provider[\"registry.terraform.io/hashicorp/azurerm\"]",
      "instances": [
        {
          "schema_version": 0,
          "attributes": {
            "id": "/subscriptions/2777f8cf-4e6a-4dc7-a170-2ac2d0cd9491/resourceGroups/Netflix-Resources",
            "location": "francecentral",
            "name": "Netflix-Resources",
            "tags": null,
            "timeouts": null
          },
          "sensitive_attributes": [],
          "private": "eyJlMmJmYjczMC1lY2FhLTExZTYtOGY4OC0zNDM2M2JjN2M0YzAiOnsiY3JlYXRlIjo1NDAwMDAwMDAwMDAwLCJkZWxldGUiOjU0MDAwMDAwMDAwMDAsInJlYWQiOjMwMDAwMDAwMDAwMCwidXBkYXRlIjo1NDAwMDAwMDAwMDAwfX0="
        }
      ]
    },
    {
      "module": "module.Netflix_Scale_Set[\"1\"]",
      "mode": "managed",
      "type": "azurerm_linux_virtual_machine_scale_set",
      "name": "NetflixVMSS",
      "provider": "provider[\"registry.terraform.io/hashicorp/azurerm\"]",
      "instances": [
        {
          "schema_version": 0,
          "attributes": {
            "additional_capabilities": [],
            "admin_password": null,
            "admin_ssh_key": [
              {
                "public_key": "ssh-rsa AAAAB3NzaC1yc2EAAAADAQABAAABAQDIVdRMXYKhqvF48syh2yBsoMOkeH4MYOl3FCm0rdtZh0f48QfOjsDWjL0wq81qFKjdz1DfIsaGBNXC+V43dHspGxVI3miparnWHrVjpm2BjjvtQORng4qKkHMGVE50dFjfC9auFL8QPRW+x2ov2MJuzA2KQxHBpKXqQMcNBotwW8SwpimJTrD3XhoECDa7/dsxJsLjkirDoIxKQ1XlUGh54+7IUK9dsxTQViq37gajQwehmQRS7ywfecS9lzuJNVo75XDDbDO4R7UIW6Vp1BfssThOWJbRLq2AN883tEDz6+w0QYT2LwVOmZwMv2ib5nObseA9xWTKNKeL3YXRbUpx tom@terraformMachine\n",
                "username": "tom"
              }
            ],
            "admin_username": "tom",
            "automatic_instance_repair": [
              {
                "enabled": false,
                "grace_period": "PT30M"
              }
            ],
            "automatic_os_upgrade_policy": [],
            "boot_diagnostics": [],
            "computer_name_prefix": "Netflix-Scale-Set1",
            "custom_data": null,
            "data_disk": [],
            "disable_password_authentication": true,
            "do_not_run_extensions_on_overprovisioned_machines": false,
            "encryption_at_host_enabled": false,
            "eviction_policy": "",
            "extension": null,
            "health_probe_id": "",
            "id": "/subscriptions/2777f8cf-4e6a-4dc7-a170-2ac2d0cd9491/resourceGroups/Netflix-Resources/providers/Microsoft.Compute/virtualMachineScaleSets/Netflix-Scale-Set1",
            "identity": [],
            "instances": 3,
            "location": "francecentral",
            "max_bid_price": -1,
            "name": "Netflix-Scale-Set1",
            "network_interface": [
              {
                "dns_servers": null,
                "enable_accelerated_networking": false,
                "enable_ip_forwarding": false,
                "ip_configuration": [
                  {
                    "application_gateway_backend_address_pool_ids": null,
                    "application_security_group_ids": null,
                    "load_balancer_backend_address_pool_ids": null,
                    "load_balancer_inbound_nat_rules_ids": null,
                    "name": "internal1",
                    "primary": true,
                    "public_ip_address": [
                      {
                        "domain_name_label": "",
                        "idle_timeout_in_minutes": 4,
                        "ip_tag": [],
                        "name": "pubIP",
                        "public_ip_prefix_id": ""
                      }
                    ],
                    "subnet_id": "/subscriptions/2777f8cf-4e6a-4dc7-a170-2ac2d0cd9491/resourceGroups/Netflix-Resources/providers/Microsoft.Network/virtualNetworks/Netflix-Vertual-Network1/subnets/Netflix-Subnet1",
                    "version": "IPv4"
                  }
                ],
                "name": "Network-Interface1",
                "network_security_group_id": "/subscriptions/2777f8cf-4e6a-4dc7-a170-2ac2d0cd9491/resourceGroups/Netflix-Resources/providers/Microsoft.Network/networkSecurityGroups/NetflixSecurityGroup1",
                "primary": true
              }
            ],
            "os_disk": [
              {
                "caching": "ReadWrite",
                "diff_disk_settings": [],
                "disk_encryption_set_id": "",
                "disk_size_gb": 30,
                "storage_account_type": "Standard_LRS",
                "write_accelerator_enabled": false
              }
            ],
            "overprovision": true,
            "plan": [],
            "platform_fault_domain_count": 0,
            "priority": "Regular",
            "provision_vm_agent": true,
            "proximity_placement_group_id": "",
            "resource_group_name": "Netflix-Resources",
            "rolling_upgrade_policy": [],
            "scale_in_policy": "Default",
            "secret": [],
            "single_placement_group": true,
            "sku": "Standard_F1",
            "source_image_id": "",
            "source_image_reference": [
              {
                "offer": "UbuntuServer",
                "publisher": "Canonical",
                "sku": "16.04-LTS",
                "version": "latest"
              }
            ],
            "tags": null,
            "terminate_notification": null,
            "timeouts": null,
            "unique_id": "13b4b101-9cc2-4515-9393-a81589254eb9",
            "upgrade_mode": "Manual",
            "zone_balance": false,
            "zones": null
          },
          "sensitive_attributes": [],
          "private": "eyJlMmJmYjczMC1lY2FhLTExZTYtOGY4OC0zNDM2M2JjN2M0YzAiOnsiY3JlYXRlIjoxODAwMDAwMDAwMDAwLCJkZWxldGUiOjE4MDAwMDAwMDAwMDAsInJlYWQiOjMwMDAwMDAwMDAwMCwidXBkYXRlIjozNjAwMDAwMDAwMDAwfX0=",
          "dependencies": [
            "azurerm_resource_group.NetflixRG",
            "module.Netflix_Scale_Set.azurerm_network_security_group.NFSecurityGroup",
            "module.Netflix_Scale_Set.azurerm_subnet.NVNSubnet",
            "module.Netflix_Scale_Set.azurerm_virtual_network.NetflixVN"
          ]
        }
      ]
    },
    {
      "module": "module.Netflix_Scale_Set[\"1\"]",
      "mode": "managed",
      "type": "azurerm_network_security_group",
      "name": "NFSecurityGroup",
      "provider": "provider[\"registry.terraform.io/hashicorp/azurerm\"]",
      "instances": [
        {
          "schema_version": 0,
          "attributes": {
            "id": "/subscriptions/2777f8cf-4e6a-4dc7-a170-2ac2d0cd9491/resourceGroups/Netflix-Resources/providers/Microsoft.Network/networkSecurityGroups/NetflixSecurityGroup1",
            "location": "francecentral",
            "name": "NetflixSecurityGroup1",
            "resource_group_name": "Netflix-Resources",
            "security_rule": [
              {
                "access": "Allow",
                "description": "",
                "destination_address_prefix": "*",
                "destination_address_prefixes": [],
                "destination_application_security_group_ids": [],
                "destination_port_range": "*",
                "destination_port_ranges": [],
                "direction": "Inbound",
                "name": "allowSSH",
                "priority": 300,
                "protocol": "Tcp",
                "source_address_prefix": "*",
                "source_address_prefixes": [],
                "source_application_security_group_ids": [],
                "source_port_range": "*",
                "source_port_ranges": []
              }
            ],
            "tags": null,
            "timeouts": null
          },
          "sensitive_attributes": [],
          "private": "eyJlMmJmYjczMC1lY2FhLTExZTYtOGY4OC0zNDM2M2JjN2M0YzAiOnsiY3JlYXRlIjoxODAwMDAwMDAwMDAwLCJkZWxldGUiOjE4MDAwMDAwMDAwMDAsInJlYWQiOjMwMDAwMDAwMDAwMCwidXBkYXRlIjoxODAwMDAwMDAwMDAwfX0=",
          "dependencies": [
            "azurerm_resource_group.NetflixRG"
          ]
        }
      ]
    },
    {
      "module": "module.Netflix_Scale_Set[\"1\"]",
      "mode": "managed",
      "type": "azurerm_subnet",
      "name": "NVNSubnet",
      "provider": "provider[\"registry.terraform.io/hashicorp/azurerm\"]",
      "instances": [
        {
          "schema_version": 0,
          "attributes": {
            "address_prefix": "10.0.2.0/24",
            "address_prefixes": [
              "10.0.2.0/24"
            ],
            "delegation": [],
            "enforce_private_link_endpoint_network_policies": false,
            "enforce_private_link_service_network_policies": false,
            "id": "/subscriptions/2777f8cf-4e6a-4dc7-a170-2ac2d0cd9491/resourceGroups/Netflix-Resources/providers/Microsoft.Network/virtualNetworks/Netflix-Vertual-Network1/subnets/Netflix-Subnet1",
            "name": "Netflix-Subnet1",
            "resource_group_name": "Netflix-Resources",
            "service_endpoint_policy_ids": null,
            "service_endpoints": null,
            "timeouts": null,
            "virtual_network_name": "Netflix-Vertual-Network1"
          },
          "sensitive_attributes": [],
          "private": "eyJlMmJmYjczMC1lY2FhLTExZTYtOGY4OC0zNDM2M2JjN2M0YzAiOnsiY3JlYXRlIjoxODAwMDAwMDAwMDAwLCJkZWxldGUiOjE4MDAwMDAwMDAwMDAsInJlYWQiOjMwMDAwMDAwMDAwMCwidXBkYXRlIjoxODAwMDAwMDAwMDAwfX0=",
          "dependencies": [
            "azurerm_resource_group.NetflixRG",
            "module.Netflix_Scale_Set.azurerm_virtual_network.NetflixVN"
          ]
        }
      ]
    },
    {
      "module": "module.Netflix_Scale_Set[\"1\"]",
      "mode": "managed",
      "type": "azurerm_virtual_network",
      "name": "NetflixVN",
      "provider": "provider[\"registry.terraform.io/hashicorp/azurerm\"]",
      "instances": [
        {
          "schema_version": 0,
          "attributes": {
            "address_space": [
              "10.0.0.0/16"
            ],
            "bgp_community": "",
            "ddos_protection_plan": [],
            "dns_servers": null,
            "guid": "aacb7a18-d916-4d22-afe7-d9a8ae25086e",
            "id": "/subscriptions/2777f8cf-4e6a-4dc7-a170-2ac2d0cd9491/resourceGroups/Netflix-Resources/providers/Microsoft.Network/virtualNetworks/Netflix-Vertual-Network1",
            "location": "francecentral",
            "name": "Netflix-Vertual-Network1",
            "resource_group_name": "Netflix-Resources",
            "subnet": [],
            "tags": null,
            "timeouts": null,
            "vm_protection_enabled": false
          },
          "sensitive_attributes": [],
          "private": "eyJlMmJmYjczMC1lY2FhLTExZTYtOGY4OC0zNDM2M2JjN2M0YzAiOnsiY3JlYXRlIjoxODAwMDAwMDAwMDAwLCJkZWxldGUiOjE4MDAwMDAwMDAwMDAsInJlYWQiOjMwMDAwMDAwMDAwMCwidXBkYXRlIjoxODAwMDAwMDAwMDAwfX0=",
          "dependencies": [
            "azurerm_resource_group.NetflixRG"
          ]
        }
      ]
    },
    {
      "module": "module.Netflix_Scale_Set[\"2\"]",
      "mode": "managed",
      "type": "azurerm_linux_virtual_machine_scale_set",
      "name": "NetflixVMSS",
      "provider": "provider[\"registry.terraform.io/hashicorp/azurerm\"]",
      "instances": [
        {
          "schema_version": 0,
          "attributes": {
            "additional_capabilities": [],
            "admin_password": null,
            "admin_ssh_key": [
              {
                "public_key": "ssh-rsa AAAAB3NzaC1yc2EAAAADAQABAAABAQDIVdRMXYKhqvF48syh2yBsoMOkeH4MYOl3FCm0rdtZh0f48QfOjsDWjL0wq81qFKjdz1DfIsaGBNXC+V43dHspGxVI3miparnWHrVjpm2BjjvtQORng4qKkHMGVE50dFjfC9auFL8QPRW+x2ov2MJuzA2KQxHBpKXqQMcNBotwW8SwpimJTrD3XhoECDa7/dsxJsLjkirDoIxKQ1XlUGh54+7IUK9dsxTQViq37gajQwehmQRS7ywfecS9lzuJNVo75XDDbDO4R7UIW6Vp1BfssThOWJbRLq2AN883tEDz6+w0QYT2LwVOmZwMv2ib5nObseA9xWTKNKeL3YXRbUpx tom@terraformMachine\n",
                "username": "tom"
              }
            ],
            "admin_username": "tom",
            "automatic_instance_repair": [
              {
                "enabled": false,
                "grace_period": "PT30M"
              }
            ],
            "automatic_os_upgrade_policy": [],
            "boot_diagnostics": [],
            "computer_name_prefix": "Netflix-Scale-Set2",
            "custom_data": null,
            "data_disk": [],
            "disable_password_authentication": true,
            "do_not_run_extensions_on_overprovisioned_machines": false,
            "encryption_at_host_enabled": false,
            "eviction_policy": "",
            "extension": null,
            "health_probe_id": "",
            "id": "/subscriptions/2777f8cf-4e6a-4dc7-a170-2ac2d0cd9491/resourceGroups/Netflix-Resources/providers/Microsoft.Compute/virtualMachineScaleSets/Netflix-Scale-Set2",
            "identity": [],
            "instances": 3,
            "location": "australiacentral",
            "max_bid_price": -1,
            "name": "Netflix-Scale-Set2",
            "network_interface": [
              {
                "dns_servers": null,
                "enable_accelerated_networking": false,
                "enable_ip_forwarding": false,
                "ip_configuration": [
                  {
                    "application_gateway_backend_address_pool_ids": null,
                    "application_security_group_ids": null,
                    "load_balancer_backend_address_pool_ids": null,
                    "load_balancer_inbound_nat_rules_ids": null,
                    "name": "internal2",
                    "primary": true,
                    "public_ip_address": [
                      {
                        "domain_name_label": "",
                        "idle_timeout_in_minutes": 4,
                        "ip_tag": [],
                        "name": "pubIP",
                        "public_ip_prefix_id": ""
                      }
                    ],
                    "subnet_id": "/subscriptions/2777f8cf-4e6a-4dc7-a170-2ac2d0cd9491/resourceGroups/Netflix-Resources/providers/Microsoft.Network/virtualNetworks/Netflix-Vertual-Network2/subnets/Netflix-Subnet2",
                    "version": "IPv4"
                  }
                ],
                "name": "Network-Interface2",
                "network_security_group_id": "/subscriptions/2777f8cf-4e6a-4dc7-a170-2ac2d0cd9491/resourceGroups/Netflix-Resources/providers/Microsoft.Network/networkSecurityGroups/NetflixSecurityGroup2",
                "primary": true
              }
            ],
            "os_disk": [
              {
                "caching": "ReadWrite",
                "diff_disk_settings": [],
                "disk_encryption_set_id": "",
                "disk_size_gb": 30,
                "storage_account_type": "Standard_LRS",
                "write_accelerator_enabled": false
              }
            ],
            "overprovision": true,
            "plan": [],
            "platform_fault_domain_count": 0,
            "priority": "Regular",
            "provision_vm_agent": true,
            "proximity_placement_group_id": "",
            "resource_group_name": "Netflix-Resources",
            "rolling_upgrade_policy": [],
            "scale_in_policy": "Default",
            "secret": [],
            "single_placement_group": true,
            "sku": "Standard_F1",
            "source_image_id": "",
            "source_image_reference": [
              {
                "offer": "UbuntuServer",
                "publisher": "Canonical",
                "sku": "16.04-LTS",
                "version": "latest"
              }
            ],
            "tags": null,
            "terminate_notification": null,
            "timeouts": null,
            "unique_id": "c18c0cb7-6595-4dd5-bb45-9d8a3b498652",
            "upgrade_mode": "Manual",
            "zone_balance": false,
            "zones": null
          },
          "sensitive_attributes": [],
          "private": "eyJlMmJmYjczMC1lY2FhLTExZTYtOGY4OC0zNDM2M2JjN2M0YzAiOnsiY3JlYXRlIjoxODAwMDAwMDAwMDAwLCJkZWxldGUiOjE4MDAwMDAwMDAwMDAsInJlYWQiOjMwMDAwMDAwMDAwMCwidXBkYXRlIjozNjAwMDAwMDAwMDAwfX0=",
          "dependencies": [
            "azurerm_resource_group.NetflixRG",
            "module.Netflix_Scale_Set.azurerm_network_security_group.NFSecurityGroup",
            "module.Netflix_Scale_Set.azurerm_subnet.NVNSubnet",
            "module.Netflix_Scale_Set.azurerm_virtual_network.NetflixVN"
          ]
        }
      ]
    },
    {
      "module": "module.Netflix_Scale_Set[\"2\"]",
      "mode": "managed",
      "type": "azurerm_network_security_group",
      "name": "NFSecurityGroup",
      "provider": "provider[\"registry.terraform.io/hashicorp/azurerm\"]",
      "instances": [
        {
          "schema_version": 0,
          "attributes": {
            "id": "/subscriptions/2777f8cf-4e6a-4dc7-a170-2ac2d0cd9491/resourceGroups/Netflix-Resources/providers/Microsoft.Network/networkSecurityGroups/NetflixSecurityGroup2",
            "location": "australiacentral",
            "name": "NetflixSecurityGroup2",
            "resource_group_name": "Netflix-Resources",
            "security_rule": [
              {
                "access": "Allow",
                "description": "",
                "destination_address_prefix": "*",
                "destination_address_prefixes": [],
                "destination_application_security_group_ids": [],
                "destination_port_range": "*",
                "destination_port_ranges": [],
                "direction": "Inbound",
                "name": "allowSSH",
                "priority": 300,
                "protocol": "Tcp",
                "source_address_prefix": "*",
                "source_address_prefixes": [],
                "source_application_security_group_ids": [],
                "source_port_range": "*",
                "source_port_ranges": []
              }
            ],
            "tags": null,
            "timeouts": null
          },
          "sensitive_attributes": [],
          "private": "eyJlMmJmYjczMC1lY2FhLTExZTYtOGY4OC0zNDM2M2JjN2M0YzAiOnsiY3JlYXRlIjoxODAwMDAwMDAwMDAwLCJkZWxldGUiOjE4MDAwMDAwMDAwMDAsInJlYWQiOjMwMDAwMDAwMDAwMCwidXBkYXRlIjoxODAwMDAwMDAwMDAwfX0=",
          "dependencies": [
            "azurerm_resource_group.NetflixRG"
          ]
        }
      ]
    },
    {
      "module": "module.Netflix_Scale_Set[\"2\"]",
      "mode": "managed",
      "type": "azurerm_subnet",
      "name": "NVNSubnet",
      "provider": "provider[\"registry.terraform.io/hashicorp/azurerm\"]",
      "instances": [
        {
          "schema_version": 0,
          "attributes": {
            "address_prefix": "10.0.2.0/24",
            "address_prefixes": [
              "10.0.2.0/24"
            ],
            "delegation": [],
            "enforce_private_link_endpoint_network_policies": false,
            "enforce_private_link_service_network_policies": false,
            "id": "/subscriptions/2777f8cf-4e6a-4dc7-a170-2ac2d0cd9491/resourceGroups/Netflix-Resources/providers/Microsoft.Network/virtualNetworks/Netflix-Vertual-Network2/subnets/Netflix-Subnet2",
            "name": "Netflix-Subnet2",
            "resource_group_name": "Netflix-Resources",
            "service_endpoint_policy_ids": null,
            "service_endpoints": null,
            "timeouts": null,
            "virtual_network_name": "Netflix-Vertual-Network2"
          },
          "sensitive_attributes": [],
          "private": "eyJlMmJmYjczMC1lY2FhLTExZTYtOGY4OC0zNDM2M2JjN2M0YzAiOnsiY3JlYXRlIjoxODAwMDAwMDAwMDAwLCJkZWxldGUiOjE4MDAwMDAwMDAwMDAsInJlYWQiOjMwMDAwMDAwMDAwMCwidXBkYXRlIjoxODAwMDAwMDAwMDAwfX0=",
          "dependencies": [
            "azurerm_resource_group.NetflixRG",
            "module.Netflix_Scale_Set.azurerm_virtual_network.NetflixVN"
          ]
        }
      ]
    },
    {
      "module": "module.Netflix_Scale_Set[\"2\"]",
      "mode": "managed",
      "type": "azurerm_virtual_network",
      "name": "NetflixVN",
      "provider": "provider[\"registry.terraform.io/hashicorp/azurerm\"]",
      "instances": [
        {
          "schema_version": 0,
          "attributes": {
            "address_space": [
              "10.0.0.0/16"
            ],
            "bgp_community": "",
            "ddos_protection_plan": [],
            "dns_servers": null,
            "guid": "67c8669c-93f2-4822-8108-8c33bfb7a09e",
            "id": "/subscriptions/2777f8cf-4e6a-4dc7-a170-2ac2d0cd9491/resourceGroups/Netflix-Resources/providers/Microsoft.Network/virtualNetworks/Netflix-Vertual-Network2",
            "location": "australiacentral",
            "name": "Netflix-Vertual-Network2",
            "resource_group_name": "Netflix-Resources",
            "subnet": [],
            "tags": null,
            "timeouts": null,
            "vm_protection_enabled": false
          },
          "sensitive_attributes": [],
          "private": "eyJlMmJmYjczMC1lY2FhLTExZTYtOGY4OC0zNDM2M2JjN2M0YzAiOnsiY3JlYXRlIjoxODAwMDAwMDAwMDAwLCJkZWxldGUiOjE4MDAwMDAwMDAwMDAsInJlYWQiOjMwMDAwMDAwMDAwMCwidXBkYXRlIjoxODAwMDAwMDAwMDAwfX0=",
          "dependencies": [
            "azurerm_resource_group.NetflixRG"
          ]
        }
      ]
    },
    {
      "module": "module.Netflix_Scale_Set[\"3\"]",
      "mode": "managed",
      "type": "azurerm_linux_virtual_machine_scale_set",
      "name": "NetflixVMSS",
      "provider": "provider[\"registry.terraform.io/hashicorp/azurerm\"]",
      "instances": [
        {
          "schema_version": 0,
          "attributes": {
            "additional_capabilities": [],
            "admin_password": null,
            "admin_ssh_key": [
              {
                "public_key": "ssh-rsa AAAAB3NzaC1yc2EAAAADAQABAAABAQDIVdRMXYKhqvF48syh2yBsoMOkeH4MYOl3FCm0rdtZh0f48QfOjsDWjL0wq81qFKjdz1DfIsaGBNXC+V43dHspGxVI3miparnWHrVjpm2BjjvtQORng4qKkHMGVE50dFjfC9auFL8QPRW+x2ov2MJuzA2KQxHBpKXqQMcNBotwW8SwpimJTrD3XhoECDa7/dsxJsLjkirDoIxKQ1XlUGh54+7IUK9dsxTQViq37gajQwehmQRS7ywfecS9lzuJNVo75XDDbDO4R7UIW6Vp1BfssThOWJbRLq2AN883tEDz6+w0QYT2LwVOmZwMv2ib5nObseA9xWTKNKeL3YXRbUpx tom@terraformMachine\n",
                "username": "tom"
              }
            ],
            "admin_username": "tom",
            "automatic_instance_repair": [
              {
                "enabled": false,
                "grace_period": "PT30M"
              }
            ],
            "automatic_os_upgrade_policy": [],
            "boot_diagnostics": [],
            "computer_name_prefix": "Netflix-Scale-Set3",
            "custom_data": null,
            "data_disk": [],
            "disable_password_authentication": true,
            "do_not_run_extensions_on_overprovisioned_machines": false,
            "encryption_at_host_enabled": false,
            "eviction_policy": "",
            "extension": null,
            "health_probe_id": "",
            "id": "/subscriptions/2777f8cf-4e6a-4dc7-a170-2ac2d0cd9491/resourceGroups/Netflix-Resources/providers/Microsoft.Compute/virtualMachineScaleSets/Netflix-Scale-Set3",
            "identity": [],
            "instances": 3,
            "location": "japaneast",
            "max_bid_price": -1,
            "name": "Netflix-Scale-Set3",
            "network_interface": [
              {
                "dns_servers": null,
                "enable_accelerated_networking": false,
                "enable_ip_forwarding": false,
                "ip_configuration": [
                  {
                    "application_gateway_backend_address_pool_ids": null,
                    "application_security_group_ids": null,
                    "load_balancer_backend_address_pool_ids": null,
                    "load_balancer_inbound_nat_rules_ids": null,
                    "name": "internal3",
                    "primary": true,
                    "public_ip_address": [
                      {
                        "domain_name_label": "",
                        "idle_timeout_in_minutes": 4,
                        "ip_tag": [],
                        "name": "pubIP",
                        "public_ip_prefix_id": ""
                      }
                    ],
                    "subnet_id": "/subscriptions/2777f8cf-4e6a-4dc7-a170-2ac2d0cd9491/resourceGroups/Netflix-Resources/providers/Microsoft.Network/virtualNetworks/Netflix-Vertual-Network3/subnets/Netflix-Subnet3",
                    "version": "IPv4"
                  }
                ],
                "name": "Network-Interface3",
                "network_security_group_id": "/subscriptions/2777f8cf-4e6a-4dc7-a170-2ac2d0cd9491/resourceGroups/Netflix-Resources/providers/Microsoft.Network/networkSecurityGroups/NetflixSecurityGroup3",
                "primary": true
              }
            ],
            "os_disk": [
              {
                "caching": "ReadWrite",
                "diff_disk_settings": [],
                "disk_encryption_set_id": "",
                "disk_size_gb": 30,
                "storage_account_type": "Standard_LRS",
                "write_accelerator_enabled": false
              }
            ],
            "overprovision": true,
            "plan": [],
            "platform_fault_domain_count": 0,
            "priority": "Regular",
            "provision_vm_agent": true,
            "proximity_placement_group_id": "",
            "resource_group_name": "Netflix-Resources",
            "rolling_upgrade_policy": [],
            "scale_in_policy": "Default",
            "secret": [],
            "single_placement_group": true,
            "sku": "Standard_F1",
            "source_image_id": "",
            "source_image_reference": [
              {
                "offer": "UbuntuServer",
                "publisher": "Canonical",
                "sku": "16.04-LTS",
                "version": "latest"
              }
            ],
            "tags": null,
            "terminate_notification": null,
            "timeouts": null,
            "unique_id": "5f144c90-70de-4a3d-bfe8-26aff3818f4b",
            "upgrade_mode": "Manual",
            "zone_balance": false,
            "zones": null
          },
          "sensitive_attributes": [],
          "private": "eyJlMmJmYjczMC1lY2FhLTExZTYtOGY4OC0zNDM2M2JjN2M0YzAiOnsiY3JlYXRlIjoxODAwMDAwMDAwMDAwLCJkZWxldGUiOjE4MDAwMDAwMDAwMDAsInJlYWQiOjMwMDAwMDAwMDAwMCwidXBkYXRlIjozNjAwMDAwMDAwMDAwfX0=",
          "dependencies": [
            "azurerm_resource_group.NetflixRG",
            "module.Netflix_Scale_Set.azurerm_network_security_group.NFSecurityGroup",
            "module.Netflix_Scale_Set.azurerm_subnet.NVNSubnet",
            "module.Netflix_Scale_Set.azurerm_virtual_network.NetflixVN"
          ]
        }
      ]
    },
    {
      "module": "module.Netflix_Scale_Set[\"3\"]",
      "mode": "managed",
      "type": "azurerm_network_security_group",
      "name": "NFSecurityGroup",
      "provider": "provider[\"registry.terraform.io/hashicorp/azurerm\"]",
      "instances": [
        {
          "schema_version": 0,
          "attributes": {
            "id": "/subscriptions/2777f8cf-4e6a-4dc7-a170-2ac2d0cd9491/resourceGroups/Netflix-Resources/providers/Microsoft.Network/networkSecurityGroups/NetflixSecurityGroup3",
            "location": "japaneast",
            "name": "NetflixSecurityGroup3",
            "resource_group_name": "Netflix-Resources",
            "security_rule": [
              {
                "access": "Allow",
                "description": "",
                "destination_address_prefix": "*",
                "destination_address_prefixes": [],
                "destination_application_security_group_ids": [],
                "destination_port_range": "*",
                "destination_port_ranges": [],
                "direction": "Inbound",
                "name": "allowSSH",
                "priority": 300,
                "protocol": "Tcp",
                "source_address_prefix": "*",
                "source_address_prefixes": [],
                "source_application_security_group_ids": [],
                "source_port_range": "*",
                "source_port_ranges": []
              }
            ],
            "tags": null,
            "timeouts": null
          },
          "sensitive_attributes": [],
          "private": "eyJlMmJmYjczMC1lY2FhLTExZTYtOGY4OC0zNDM2M2JjN2M0YzAiOnsiY3JlYXRlIjoxODAwMDAwMDAwMDAwLCJkZWxldGUiOjE4MDAwMDAwMDAwMDAsInJlYWQiOjMwMDAwMDAwMDAwMCwidXBkYXRlIjoxODAwMDAwMDAwMDAwfX0=",
          "dependencies": [
            "azurerm_resource_group.NetflixRG"
          ]
        }
      ]
    },
    {
      "module": "module.Netflix_Scale_Set[\"3\"]",
      "mode": "managed",
      "type": "azurerm_subnet",
      "name": "NVNSubnet",
      "provider": "provider[\"registry.terraform.io/hashicorp/azurerm\"]",
      "instances": [
        {
          "schema_version": 0,
          "attributes": {
            "address_prefix": "10.0.2.0/24",
            "address_prefixes": [
              "10.0.2.0/24"
            ],
            "delegation": [],
            "enforce_private_link_endpoint_network_policies": false,
            "enforce_private_link_service_network_policies": false,
            "id": "/subscriptions/2777f8cf-4e6a-4dc7-a170-2ac2d0cd9491/resourceGroups/Netflix-Resources/providers/Microsoft.Network/virtualNetworks/Netflix-Vertual-Network3/subnets/Netflix-Subnet3",
            "name": "Netflix-Subnet3",
            "resource_group_name": "Netflix-Resources",
            "service_endpoint_policy_ids": null,
            "service_endpoints": null,
            "timeouts": null,
            "virtual_network_name": "Netflix-Vertual-Network3"
          },
          "sensitive_attributes": [],
          "private": "eyJlMmJmYjczMC1lY2FhLTExZTYtOGY4OC0zNDM2M2JjN2M0YzAiOnsiY3JlYXRlIjoxODAwMDAwMDAwMDAwLCJkZWxldGUiOjE4MDAwMDAwMDAwMDAsInJlYWQiOjMwMDAwMDAwMDAwMCwidXBkYXRlIjoxODAwMDAwMDAwMDAwfX0=",
          "dependencies": [
            "azurerm_resource_group.NetflixRG",
            "module.Netflix_Scale_Set.azurerm_virtual_network.NetflixVN"
          ]
        }
      ]
    },
    {
      "module": "module.Netflix_Scale_Set[\"3\"]",
      "mode": "managed",
      "type": "azurerm_virtual_network",
      "name": "NetflixVN",
      "provider": "provider[\"registry.terraform.io/hashicorp/azurerm\"]",
      "instances": [
        {
          "schema_version": 0,
          "attributes": {
            "address_space": [
              "10.0.0.0/16"
            ],
            "bgp_community": "",
            "ddos_protection_plan": [],
            "dns_servers": null,
            "guid": "0594cd75-8932-4e23-902c-73f22d9a94aa",
            "id": "/subscriptions/2777f8cf-4e6a-4dc7-a170-2ac2d0cd9491/resourceGroups/Netflix-Resources/providers/Microsoft.Network/virtualNetworks/Netflix-Vertual-Network3",
            "location": "japaneast",
            "name": "Netflix-Vertual-Network3",
            "resource_group_name": "Netflix-Resources",
            "subnet": [],
            "tags": null,
            "timeouts": null,
            "vm_protection_enabled": false
          },
          "sensitive_attributes": [],
          "private": "eyJlMmJmYjczMC1lY2FhLTExZTYtOGY4OC0zNDM2M2JjN2M0YzAiOnsiY3JlYXRlIjoxODAwMDAwMDAwMDAwLCJkZWxldGUiOjE4MDAwMDAwMDAwMDAsInJlYWQiOjMwMDAwMDAwMDAwMCwidXBkYXRlIjoxODAwMDAwMDAwMDAwfX0=",
          "dependencies": [
            "azurerm_resource_group.NetflixRG"
          ]
        }
      ]
    }
  ]
}
